
Microsoft Visual Studio Solution File, Format Version 12.00
# Visual Studio Version 17
VisualStudioVersion = 17.6.33829.357
MinimumVisualStudioVersion = 10.0.40219.1
Project("{9A19103F-16F7-4668-BE54-9A1E7A4F7556}") = "Calculator", "Calculator\Calculator.csproj", "{9211DE8B-3AAF-4DCF-8D3E-D0621B79A03C}"
EndProject
Project("{9A19103F-16F7-4668-BE54-9A1E7A4F7556}") = "MVVM", "MVVM\MVVM.csproj", "{B0388205-4DA8-448E-9453-FA001A507DCC}"
EndProject
Project("{9A19103F-16F7-4668-BE54-9A1E7A4F7556}") = "Calculator.Fitness.Test", "Calculator.Fitness.Test\Calculator.Fitness.Test.csproj", "{A2C0B211-B41F-4AE2-A417-2E2886024356}"
EndProject
Project("{9A19103F-16F7-4668-BE54-9A1E7A4F7556}") = "HelperClass", "HelperClass\HelperClass.csproj", "{1960BCA8-85F4-4F59-8840-5532BF542AEC}"
EndProject
Project("{FAE04EC0-301F-11D3-BF4B-00C04F79EFBC}") = "Patterns", "Patterns\Patterns.csproj", "{84819CA2-D8C0-4A72-B793-1958A4FE7FAE}"
EndProject
Global
	GlobalSection(SolutionConfigurationPlatforms) = preSolution
		Debug|Any CPU = Debug|Any CPU
		Release|Any CPU = Release|Any CPU
	EndGlobalSection
	GlobalSection(ProjectConfigurationPlatforms) = postSolution
		{9211DE8B-3AAF-4DCF-8D3E-D0621B79A03C}.Debug|Any CPU.ActiveCfg = Debug|Any CPU
		{9211DE8B-3AAF-4DCF-8D3E-D0621B79A03C}.Debug|Any CPU.Build.0 = Debug|Any CPU
		{9211DE8B-3AAF-4DCF-8D3E-D0621B79A03C}.Release|Any CPU.ActiveCfg = Release|Any CPU
		{9211DE8B-3AAF-4DCF-8D3E-D0621B79A03C}.Release|Any CPU.Build.0 = Release|Any CPU
		{B0388205-4DA8-448E-9453-FA001A507DCC}.Debug|Any CPU.ActiveCfg = Debug|Any CPU
		{B0388205-4DA8-448E-9453-FA001A507DCC}.Debug|Any CPU.Build.0 = Debug|Any CPU
		{B0388205-4DA8-448E-9453-FA001A507DCC}.Release|Any CPU.ActiveCfg = Release|Any CPU
		{B0388205-4DA8-448E-9453-FA001A507DCC}.Release|Any CPU.Build.0 = Release|Any CPU
		{A2C0B211-B41F-4AE2-A417-2E2886024356}.Debug|Any CPU.ActiveCfg = Debug|Any CPU
		{A2C0B211-B41F-4AE2-A417-2E2886024356}.Debug|Any CPU.Build.0 = Debug|Any CPU
		{A2C0B211-B41F-4AE2-A417-2E2886024356}.Release|Any CPU.ActiveCfg = Release|Any CPU
		{A2C0B211-B41F-4AE2-A417-2E2886024356}.Release|Any CPU.Build.0 = Release|Any CPU
		{1960BCA8-85F4-4F59-8840-5532BF542AEC}.Debug|Any CPU.ActiveCfg = Debug|Any CPU
		{1960BCA8-85F4-4F59-8840-5532BF542AEC}.Debug|Any CPU.Build.0 = Debug|Any CPU
		{1960BCA8-85F4-4F59-8840-5532BF542AEC}.Release|Any CPU.ActiveCfg = Release|Any CPU
		{1960BCA8-85F4-4F59-8840-5532BF542AEC}.Release|Any CPU.Build.0 = Release|Any CPU
		{84819CA2-D8C0-4A72-B793-1958A4FE7FAE}.Debug|Any CPU.ActiveCfg = Debug|Any CPU
		{84819CA2-D8C0-4A72-B793-1958A4FE7FAE}.Debug|Any CPU.Build.0 = Debug|Any CPU
		{84819CA2-D8C0-4A72-B793-1958A4FE7FAE}.Release|Any CPU.ActiveCfg = Release|Any CPU
		{84819CA2-D8C0-4A72-B793-1958A4FE7FAE}.Release|Any CPU.Build.0 = Release|Any CPU
	EndGlobalSection
	GlobalSection(SolutionProperties) = preSolution
		HideSolutionNode = FALSE
	EndGlobalSection
	GlobalSection(ExtensibilityGlobals) = postSolution
		SolutionGuid = {1E091DC2-0194-40DF-914D-4C2D0A326F29}
	EndGlobalSection
EndGlobal
